
Microsoft Visual Studio Solution File, Format Version 12.00
# Visual Studio Version 16
VisualStudioVersion = 16.0.29613.14
MinimumVisualStudioVersion = 10.0.40219.1
Project("{FAE04EC0-301F-11D3-BF4B-00C04F79EFBC}") = "Roll4", "Roll4.csproj", "{5A79A00C-78EA-4980-9E01-317D72692C71}"
EndProject
Global
	GlobalSection(SolutionConfigurationPlatforms) = preSolution
		Debug|Any CPU = Debug|Any CPU
		Release|Any CPU = Release|Any CPU
	EndGlobalSection
	GlobalSection(ProjectConfigurationPlatforms) = postSolution
		{5A79A00C-78EA-4980-9E01-317D72692C71}.Debug|Any CPU.ActiveCfg = Debug|Any CPU
		{5A79A00C-78EA-4980-9E01-317D72692C71}.Debug|Any CPU.Build.0 = Debug|Any CPU
		{5A79A00C-78EA-4980-9E01-317D72692C71}.Release|Any CPU.ActiveCfg = Release|Any CPU
		{5A79A00C-78EA-4980-9E01-317D72692C71}.Release|Any CPU.Build.0 = Release|Any CPU
	EndGlobalSection
	GlobalSection(SolutionProperties) = preSolution
		HideSolutionNode = FALSE
	EndGlobalSection
	GlobalSection(ExtensibilityGlobals) = postSolution
		SolutionGuid = {522902EB-CE7F-4DD8-8B66-4482A9DF045F}
	EndGlobalSection
EndGlobal
